
Microsoft Visual Studio Solution File, Format Version 12.00
# Visual Studio Version 16
VisualStudioVersion = 16.0.31410.223
MinimumVisualStudioVersion = 10.0.40219.1
Project("{FAE04EC0-301F-11D3-BF4B-00C04F79EFBC}") = "ProgressReportingStream", "ProgressReportingStream\ProgressReportingStream.csproj", "{C0470203-033C-4983-91BF-D2C71F098375}"
EndProject
Project("{FAE04EC0-301F-11D3-BF4B-00C04F79EFBC}") = "Sample", "Sample\Sample.csproj", "{D1137AF4-FC62-4C17-868D-1F2FB5DAD593}"
EndProject
Global
	GlobalSection(SolutionConfigurationPlatforms) = preSolution
		Debug|Any CPU = Debug|Any CPU
		Release|Any CPU = Release|Any CPU
	EndGlobalSection
	GlobalSection(ProjectConfigurationPlatforms) = postSolution
		{C0470203-033C-4983-91BF-D2C71F098375}.Debug|Any CPU.ActiveCfg = Debug|Any CPU
		{C0470203-033C-4983-91BF-D2C71F098375}.Debug|Any CPU.Build.0 = Debug|Any CPU
		{C0470203-033C-4983-91BF-D2C71F098375}.Release|Any CPU.ActiveCfg = Release|Any CPU
		{C0470203-033C-4983-91BF-D2C71F098375}.Release|Any CPU.Build.0 = Release|Any CPU
		{D1137AF4-FC62-4C17-868D-1F2FB5DAD593}.Debug|Any CPU.ActiveCfg = Debug|Any CPU
		{D1137AF4-FC62-4C17-868D-1F2FB5DAD593}.Debug|Any CPU.Build.0 = Debug|Any CPU
		{D1137AF4-FC62-4C17-868D-1F2FB5DAD593}.Release|Any CPU.ActiveCfg = Release|Any CPU
		{D1137AF4-FC62-4C17-868D-1F2FB5DAD593}.Release|Any CPU.Build.0 = Release|Any CPU
	EndGlobalSection
	GlobalSection(SolutionProperties) = preSolution
		HideSolutionNode = FALSE
	EndGlobalSection
	GlobalSection(ExtensibilityGlobals) = postSolution
		SolutionGuid = {AA34D457-B9BB-4F60-AB68-C88AFB4B2D9B}
	EndGlobalSection
EndGlobal
